
Microsoft Visual Studio Solution File, Format Version 12.00
# Visual Studio 14
VisualStudioVersion = 14.0.23107.0
MinimumVisualStudioVersion = 10.0.40219.1
Project("{FAE04EC0-301F-11D3-BF4B-00C04F79EFBC}") = "VChat.Client", "VChat.Client\VChat.Client.csproj", "{7441A79B-02B9-4A21-A58F-8E01284614EF}"
EndProject
Project("{FAE04EC0-301F-11D3-BF4B-00C04F79EFBC}") = "VChat.Backend", "VChat.Backend\VChat.Backend.csproj", "{653A68D9-1E76-4E81-9C69-FA31A8EBBB25}"
EndProject
Global
	GlobalSection(SolutionConfigurationPlatforms) = preSolution
		Debug|Any CPU = Debug|Any CPU
		Debug|ARM = Debug|ARM
		Debug|x64 = Debug|x64
		Debug|x86 = Debug|x86
		Release|Any CPU = Release|Any CPU
		Release|ARM = Release|ARM
		Release|x64 = Release|x64
		Release|x86 = Release|x86
		WPFClient|Any CPU = WPFClient|Any CPU
		WPFClient|ARM = WPFClient|ARM
		WPFClient|x64 = WPFClient|x64
		WPFClient|x86 = WPFClient|x86
	EndGlobalSection
	GlobalSection(ProjectConfigurationPlatforms) = postSolution
		{7441A79B-02B9-4A21-A58F-8E01284614EF}.Debug|Any CPU.ActiveCfg = Debug|x86
		{7441A79B-02B9-4A21-A58F-8E01284614EF}.Debug|ARM.ActiveCfg = Debug|ARM
		{7441A79B-02B9-4A21-A58F-8E01284614EF}.Debug|ARM.Build.0 = Debug|ARM
		{7441A79B-02B9-4A21-A58F-8E01284614EF}.Debug|ARM.Deploy.0 = Debug|ARM
		{7441A79B-02B9-4A21-A58F-8E01284614EF}.Debug|x64.ActiveCfg = Debug|x64
		{7441A79B-02B9-4A21-A58F-8E01284614EF}.Debug|x64.Build.0 = Debug|x64
		{7441A79B-02B9-4A21-A58F-8E01284614EF}.Debug|x64.Deploy.0 = Debug|x64
		{7441A79B-02B9-4A21-A58F-8E01284614EF}.Debug|x86.ActiveCfg = Debug|x86
		{7441A79B-02B9-4A21-A58F-8E01284614EF}.Debug|x86.Build.0 = Debug|x86
		{7441A79B-02B9-4A21-A58F-8E01284614EF}.Debug|x86.Deploy.0 = Debug|x86
		{7441A79B-02B9-4A21-A58F-8E01284614EF}.Release|Any CPU.ActiveCfg = Release|x86
		{7441A79B-02B9-4A21-A58F-8E01284614EF}.Release|ARM.ActiveCfg = Release|ARM
		{7441A79B-02B9-4A21-A58F-8E01284614EF}.Release|ARM.Build.0 = Release|ARM
		{7441A79B-02B9-4A21-A58F-8E01284614EF}.Release|ARM.Deploy.0 = Release|ARM
		{7441A79B-02B9-4A21-A58F-8E01284614EF}.Release|x64.ActiveCfg = Release|x64
		{7441A79B-02B9-4A21-A58F-8E01284614EF}.Release|x64.Build.0 = Release|x64
		{7441A79B-02B9-4A21-A58F-8E01284614EF}.Release|x64.Deploy.0 = Release|x64
		{7441A79B-02B9-4A21-A58F-8E01284614EF}.Release|x86.ActiveCfg = Release|x86
		{7441A79B-02B9-4A21-A58F-8E01284614EF}.Release|x86.Build.0 = Release|x86
		{7441A79B-02B9-4A21-A58F-8E01284614EF}.Release|x86.Deploy.0 = Release|x86
		{7441A79B-02B9-4A21-A58F-8E01284614EF}.WPFClient|Any CPU.ActiveCfg = WPFClient|x86
		{7441A79B-02B9-4A21-A58F-8E01284614EF}.WPFClient|ARM.ActiveCfg = WPFClient|ARM
		{7441A79B-02B9-4A21-A58F-8E01284614EF}.WPFClient|ARM.Build.0 = WPFClient|ARM
		{7441A79B-02B9-4A21-A58F-8E01284614EF}.WPFClient|ARM.Deploy.0 = WPFClient|ARM
		{7441A79B-02B9-4A21-A58F-8E01284614EF}.WPFClient|x64.ActiveCfg = WPFClient|x64
		{7441A79B-02B9-4A21-A58F-8E01284614EF}.WPFClient|x64.Build.0 = WPFClient|x64
		{7441A79B-02B9-4A21-A58F-8E01284614EF}.WPFClient|x64.Deploy.0 = WPFClient|x64
		{7441A79B-02B9-4A21-A58F-8E01284614EF}.WPFClient|x86.ActiveCfg = WPFClient|x86
		{653A68D9-1E76-4E81-9C69-FA31A8EBBB25}.Debug|Any CPU.ActiveCfg = Debug|Any CPU
		{653A68D9-1E76-4E81-9C69-FA31A8EBBB25}.Debug|Any CPU.Build.0 = Debug|Any CPU
		{653A68D9-1E76-4E81-9C69-FA31A8EBBB25}.Debug|ARM.ActiveCfg = Debug|ARM
		{653A68D9-1E76-4E81-9C69-FA31A8EBBB25}.Debug|ARM.Build.0 = Debug|ARM
		{653A68D9-1E76-4E81-9C69-FA31A8EBBB25}.Debug|x64.ActiveCfg = Debug|x64
		{653A68D9-1E76-4E81-9C69-FA31A8EBBB25}.Debug|x64.Build.0 = Debug|x64
		{653A68D9-1E76-4E81-9C69-FA31A8EBBB25}.Debug|x86.ActiveCfg = Debug|x86
		{653A68D9-1E76-4E81-9C69-FA31A8EBBB25}.Debug|x86.Build.0 = Debug|x86
		{653A68D9-1E76-4E81-9C69-FA31A8EBBB25}.Release|Any CPU.ActiveCfg = Release|Any CPU
		{653A68D9-1E76-4E81-9C69-FA31A8EBBB25}.Release|Any CPU.Build.0 = Release|Any CPU
		{653A68D9-1E76-4E81-9C69-FA31A8EBBB25}.Release|ARM.ActiveCfg = Release|ARM
		{653A68D9-1E76-4E81-9C69-FA31A8EBBB25}.Release|ARM.Build.0 = Release|ARM
		{653A68D9-1E76-4E81-9C69-FA31A8EBBB25}.Release|x64.ActiveCfg = Release|x64
		{653A68D9-1E76-4E81-9C69-FA31A8EBBB25}.Release|x64.Build.0 = Release|x64
		{653A68D9-1E76-4E81-9C69-FA31A8EBBB25}.Release|x86.ActiveCfg = Release|x86
		{653A68D9-1E76-4E81-9C69-FA31A8EBBB25}.Release|x86.Build.0 = Release|x86
		{653A68D9-1E76-4E81-9C69-FA31A8EBBB25}.WPFClient|Any CPU.ActiveCfg = Release|Any CPU
		{653A68D9-1E76-4E81-9C69-FA31A8EBBB25}.WPFClient|Any CPU.Build.0 = Release|Any CPU
		{653A68D9-1E76-4E81-9C69-FA31A8EBBB25}.WPFClient|ARM.ActiveCfg = Release|ARM
		{653A68D9-1E76-4E81-9C69-FA31A8EBBB25}.WPFClient|ARM.Build.0 = Release|ARM
		{653A68D9-1E76-4E81-9C69-FA31A8EBBB25}.WPFClient|x64.ActiveCfg = Release|x64
		{653A68D9-1E76-4E81-9C69-FA31A8EBBB25}.WPFClient|x64.Build.0 = Release|x64
		{653A68D9-1E76-4E81-9C69-FA31A8EBBB25}.WPFClient|x86.ActiveCfg = Release|x86
		{653A68D9-1E76-4E81-9C69-FA31A8EBBB25}.WPFClient|x86.Build.0 = Release|x86
	EndGlobalSection
	GlobalSection(SolutionProperties) = preSolution
		HideSolutionNode = FALSE
	EndGlobalSection
EndGlobal
